
Microsoft Visual Studio Solution File, Format Version 12.00
# Visual Studio 15
VisualStudioVersion = 15.0.27703.2000
MinimumVisualStudioVersion = 10.0.40219.1
Project("{9A19103F-16F7-4668-BE54-9A1E7A4F7556}") = "Nyw.ApiGateway", "Nyw.ApiGateway\Nyw.ApiGateway.csproj", "{3DF9D910-5A2D-4038-91E8-E136C56E6918}"
EndProject
Project("{9A19103F-16F7-4668-BE54-9A1E7A4F7556}") = "Nyw.Vendor", "Nyw.Vendor\Nyw.Vendor.csproj", "{4E0CBE39-3A13-421D-A605-56C46610883B}"
EndProject
Project("{9A19103F-16F7-4668-BE54-9A1E7A4F7556}") = "Nyw.Employee", "Nyw.Employee\Nyw.Employee.csproj", "{CC65BB47-20FD-4B4F-8B2E-39438381084B}"
EndProject
Project("{2150E333-8FDC-42A3-9474-1A3956D46DE8}") = "02.Apps", "02.Apps", "{320A36EE-8052-433D-B007-9DE3A2C439BF}"
EndProject
Project("{2150E333-8FDC-42A3-9474-1A3956D46DE8}") = "01.Common", "01.Common", "{90E9C700-3C64-4F15-9406-F31BAC440D8B}"
EndProject
Project("{9A19103F-16F7-4668-BE54-9A1E7A4F7556}") = "Nyw.AppExtensions", "Nyw.AppExtensions\Nyw.AppExtensions.csproj", "{F07B5EB9-5FC0-4969-8F69-3B19186EC9D0}"
EndProject
Project("{2150E333-8FDC-42A3-9474-1A3956D46DE8}") = "00.Services", "00.Services", "{F1422284-13A6-4C40-89B3-3558D7AD042C}"
EndProject
Project("{9A19103F-16F7-4668-BE54-9A1E7A4F7556}") = "Nyw.IdentityServer", "Nyw.IdentityServer\Nyw.IdentityServer.csproj", "{41D909B7-8319-4261-85B9-78DC79376C9E}"
EndProject
Project("{2150E333-8FDC-42A3-9474-1A3956D46DE8}") = "03.Tasks", "03.Tasks", "{6823DB3A-7A63-48CF-91C4-5B42DEAE19F8}"
EndProject
Project("{9A19103F-16F7-4668-BE54-9A1E7A4F7556}") = "Nyw.ExchangeRateTask", "Nyw.ExchangeRateTask\Nyw.ExchangeRateTask.csproj", "{ABF99209-048D-417F-A6C0-AD7F1E4BA46A}"
EndProject
Project("{9A19103F-16F7-4668-BE54-9A1E7A4F7556}") = "Nyw.Portal", "Nyw.Portal\Nyw.Portal.csproj", "{CAB44AD9-7A47-4AFC-BBB2-84085AC27BEE}"
EndProject
Global
	GlobalSection(SolutionConfigurationPlatforms) = preSolution
		Debug|Any CPU = Debug|Any CPU
		Release|Any CPU = Release|Any CPU
	EndGlobalSection
	GlobalSection(ProjectConfigurationPlatforms) = postSolution
		{3DF9D910-5A2D-4038-91E8-E136C56E6918}.Debug|Any CPU.ActiveCfg = Debug|Any CPU
		{3DF9D910-5A2D-4038-91E8-E136C56E6918}.Debug|Any CPU.Build.0 = Debug|Any CPU
		{3DF9D910-5A2D-4038-91E8-E136C56E6918}.Release|Any CPU.ActiveCfg = Release|Any CPU
		{3DF9D910-5A2D-4038-91E8-E136C56E6918}.Release|Any CPU.Build.0 = Release|Any CPU
		{4E0CBE39-3A13-421D-A605-56C46610883B}.Debug|Any CPU.ActiveCfg = Debug|Any CPU
		{4E0CBE39-3A13-421D-A605-56C46610883B}.Debug|Any CPU.Build.0 = Debug|Any CPU
		{4E0CBE39-3A13-421D-A605-56C46610883B}.Release|Any CPU.ActiveCfg = Release|Any CPU
		{4E0CBE39-3A13-421D-A605-56C46610883B}.Release|Any CPU.Build.0 = Release|Any CPU
		{CC65BB47-20FD-4B4F-8B2E-39438381084B}.Debug|Any CPU.ActiveCfg = Debug|Any CPU
		{CC65BB47-20FD-4B4F-8B2E-39438381084B}.Debug|Any CPU.Build.0 = Debug|Any CPU
		{CC65BB47-20FD-4B4F-8B2E-39438381084B}.Release|Any CPU.ActiveCfg = Release|Any CPU
		{CC65BB47-20FD-4B4F-8B2E-39438381084B}.Release|Any CPU.Build.0 = Release|Any CPU
		{F07B5EB9-5FC0-4969-8F69-3B19186EC9D0}.Debug|Any CPU.ActiveCfg = Debug|Any CPU
		{F07B5EB9-5FC0-4969-8F69-3B19186EC9D0}.Debug|Any CPU.Build.0 = Debug|Any CPU
		{F07B5EB9-5FC0-4969-8F69-3B19186EC9D0}.Release|Any CPU.ActiveCfg = Release|Any CPU
		{F07B5EB9-5FC0-4969-8F69-3B19186EC9D0}.Release|Any CPU.Build.0 = Release|Any CPU
		{41D909B7-8319-4261-85B9-78DC79376C9E}.Debug|Any CPU.ActiveCfg = Debug|Any CPU
		{41D909B7-8319-4261-85B9-78DC79376C9E}.Debug|Any CPU.Build.0 = Debug|Any CPU
		{41D909B7-8319-4261-85B9-78DC79376C9E}.Release|Any CPU.ActiveCfg = Release|Any CPU
		{41D909B7-8319-4261-85B9-78DC79376C9E}.Release|Any CPU.Build.0 = Release|Any CPU
		{ABF99209-048D-417F-A6C0-AD7F1E4BA46A}.Debug|Any CPU.ActiveCfg = Debug|Any CPU
		{ABF99209-048D-417F-A6C0-AD7F1E4BA46A}.Debug|Any CPU.Build.0 = Debug|Any CPU
		{ABF99209-048D-417F-A6C0-AD7F1E4BA46A}.Release|Any CPU.ActiveCfg = Release|Any CPU
		{ABF99209-048D-417F-A6C0-AD7F1E4BA46A}.Release|Any CPU.Build.0 = Release|Any CPU
		{CAB44AD9-7A47-4AFC-BBB2-84085AC27BEE}.Debug|Any CPU.ActiveCfg = Debug|Any CPU
		{CAB44AD9-7A47-4AFC-BBB2-84085AC27BEE}.Debug|Any CPU.Build.0 = Debug|Any CPU
		{CAB44AD9-7A47-4AFC-BBB2-84085AC27BEE}.Release|Any CPU.ActiveCfg = Release|Any CPU
		{CAB44AD9-7A47-4AFC-BBB2-84085AC27BEE}.Release|Any CPU.Build.0 = Release|Any CPU
	EndGlobalSection
	GlobalSection(SolutionProperties) = preSolution
		HideSolutionNode = FALSE
	EndGlobalSection
	GlobalSection(NestedProjects) = preSolution
		{3DF9D910-5A2D-4038-91E8-E136C56E6918} = {F1422284-13A6-4C40-89B3-3558D7AD042C}
		{4E0CBE39-3A13-421D-A605-56C46610883B} = {320A36EE-8052-433D-B007-9DE3A2C439BF}
		{CC65BB47-20FD-4B4F-8B2E-39438381084B} = {320A36EE-8052-433D-B007-9DE3A2C439BF}
		{F07B5EB9-5FC0-4969-8F69-3B19186EC9D0} = {90E9C700-3C64-4F15-9406-F31BAC440D8B}
		{41D909B7-8319-4261-85B9-78DC79376C9E} = {F1422284-13A6-4C40-89B3-3558D7AD042C}
		{ABF99209-048D-417F-A6C0-AD7F1E4BA46A} = {6823DB3A-7A63-48CF-91C4-5B42DEAE19F8}
		{CAB44AD9-7A47-4AFC-BBB2-84085AC27BEE} = {320A36EE-8052-433D-B007-9DE3A2C439BF}
	EndGlobalSection
	GlobalSection(ExtensibilityGlobals) = postSolution
		SolutionGuid = {D3749782-165A-47C9-A8BA-C007F17F3AD9}
	EndGlobalSection
EndGlobal
