
Microsoft Visual Studio Solution File, Format Version 12.00
# Visual Studio 15
VisualStudioVersion = 15.0.28010.2050
MinimumVisualStudioVersion = 10.0.40219.1
Project("{9A19103F-16F7-4668-BE54-9A1E7A4F7556}") = "Nyw.Configuration.SqlServer", "Nyw.Configuration.SqlServer\Nyw.Configuration.SqlServer.csproj", "{2684C1C3-507E-4AAC-B770-E4D819922D80}"
EndProject
Project("{9A19103F-16F7-4668-BE54-9A1E7A4F7556}") = "Nyw.Configuration.SqlServer.Host", "Nyw.Configuration.SqlServer.Host\Nyw.Configuration.SqlServer.Host.csproj", "{F3558A0A-7FBF-4AE3-8930-B4EBF0AACF34}"
EndProject
Global
	GlobalSection(SolutionConfigurationPlatforms) = preSolution
		Debug|Any CPU = Debug|Any CPU
		Release|Any CPU = Release|Any CPU
	EndGlobalSection
	GlobalSection(ProjectConfigurationPlatforms) = postSolution
		{2684C1C3-507E-4AAC-B770-E4D819922D80}.Debug|Any CPU.ActiveCfg = Debug|Any CPU
		{2684C1C3-507E-4AAC-B770-E4D819922D80}.Debug|Any CPU.Build.0 = Debug|Any CPU
		{2684C1C3-507E-4AAC-B770-E4D819922D80}.Release|Any CPU.ActiveCfg = Release|Any CPU
		{2684C1C3-507E-4AAC-B770-E4D819922D80}.Release|Any CPU.Build.0 = Release|Any CPU
		{F3558A0A-7FBF-4AE3-8930-B4EBF0AACF34}.Debug|Any CPU.ActiveCfg = Debug|Any CPU
		{F3558A0A-7FBF-4AE3-8930-B4EBF0AACF34}.Debug|Any CPU.Build.0 = Debug|Any CPU
		{F3558A0A-7FBF-4AE3-8930-B4EBF0AACF34}.Release|Any CPU.ActiveCfg = Release|Any CPU
		{F3558A0A-7FBF-4AE3-8930-B4EBF0AACF34}.Release|Any CPU.Build.0 = Release|Any CPU
	EndGlobalSection
	GlobalSection(SolutionProperties) = preSolution
		HideSolutionNode = FALSE
	EndGlobalSection
	GlobalSection(ExtensibilityGlobals) = postSolution
		SolutionGuid = {A997EB5D-AEA4-4309-96CA-24DE13105674}
	EndGlobalSection
EndGlobal
